// !$*UTF8*$!
{
	archiveVersion = 1;
	classes = {
	};
	objectVersion = 46;
	objects = {

/* Begin PBXBuildFile section */
		E0D9030814EBF8760072EECD /* UIKit.framework in Frameworks */ = {isa = PBXBuildFile; fileRef = E0D9030714EBF8760072EECD /* UIKit.framework */; };
		E0D9030A14EBF8760072EECD /* Foundation.framework in Frameworks */ = {isa = PBXBuildFile; fileRef = E0D9030914EBF8760072EECD /* Foundation.framework */; };
		E0D9030C14EBF8760072EECD /* CoreGraphics.framework in Frameworks */ = {isa = PBXBuildFile; fileRef = E0D9030B14EBF8760072EECD /* CoreGraphics.framework */; };
		E0D9031214EBF8760072EECD /* InfoPlist.strings in Resources */ = {isa = PBXBuildFile; fileRef = E0D9031014EBF8760072EECD /* InfoPlist.strings */; };
		E0D9031414EBF8760072EECD /* main.m in Sources */ = {isa = PBXBuildFile; fileRef = E0D9031314EBF8760072EECD /* main.m */; };
		E0D9031814EBF8760072EECD /* AppDelegate.m in Sources */ = {isa = PBXBuildFile; fileRef = E0D9031714EBF8760072EECD /* AppDelegate.m */; };
		E0D9032A14EC1C5D0072EECD /* RootViewController.m in Sources */ = {isa = PBXBuildFile; fileRef = E0D9032814EC1C5D0072EECD /* RootViewController.m */; };
		E0D9032B14EC1C5D0072EECD /* RootViewController.xib in Resources */ = {isa = PBXBuildFile; fileRef = E0D9032914EC1C5D0072EECD /* RootViewController.xib */; };
/* End PBXBuildFile section */

/* Begin PBXFileReference section */
		E0D9030314EBF8760072EECD /* HelloiPuP.app */ = {isa = PBXFileReference; explicitFileType = wrapper.application; includeInIndex = 0; path = HelloiPuP.app; sourceTree = BUILT_PRODUCTS_DIR; };
		E0D9030714EBF8760072EECD /* UIKit.framework */ = {isa = PBXFileReference; lastKnownFileType = wrapper.framework; name = UIKit.framework; path = System/Library/Frameworks/UIKit.framework; sourceTree = SDKROOT; };
		E0D9030914EBF8760072EECD /* Foundation.framework */ = {isa = PBXFileReference; lastKnownFileType = wrapper.framework; name = Foundation.framework; path = System/Library/Frameworks/Foundation.framework; sourceTree = SDKROOT; };
		E0D9030B14EBF8760072EECD /* CoreGraphics.framework */ = {isa = PBXFileReference; lastKnownFileType = wrapper.framework; name = CoreGraphics.framework; path = System/Library/Frameworks/CoreGraphics.framework; sourceTree = SDKROOT; };
		E0D9030F14EBF8760072EECD /* HelloiPuP-Info.plist */ = {isa = PBXFileReference; lastKnownFileType = text.plist.xml; path = "HelloiPuP-Info.plist"; sourceTree = "<group>"; };
		E0D9031114EBF8760072EECD /* en */ = {isa = PBXFileReference; lastKnownFileType = text.plist.strings; name = en; path = en.lproj/InfoPlist.strings; sourceTree = "<group>"; };
		E0D9031314EBF8760072EECD /* main.m */ = {isa = PBXFileReference; lastKnownFileType = sourcecode.c.objc; path = main.m; sourceTree = "<group>"; };
		E0D9031514EBF8760072EECD /* HelloiPuP-Prefix.pch */ = {isa = PBXFileReference; lastKnownFileType = sourcecode.c.h; path = "HelloiPuP-Prefix.pch"; sourceTree = "<group>"; };
		E0D9031614EBF8760072EECD /* AppDelegate.h */ = {isa = PBXFileReference; lastKnownFileType = sourcecode.c.h; path = AppDelegate.h; sourceTree = "<group>"; };
		E0D9031714EBF8760072EECD /* AppDelegate.m */ = {isa = PBXFileReference; lastKnownFileType = sourcecode.c.objc; path = AppDelegate.m; sourceTree = "<group>"; };
		E0D9032714EC1C5D0072EECD /* RootViewController.h */ = {isa = PBXFileReference; fileEncoding = 4; lastKnownFileType = sourcecode.c.h; path = RootViewController.h; sourceTree = "<group>"; };
		E0D9032814EC1C5D0072EECD /* RootViewController.m */ = {isa = PBXFileReference; fileEncoding = 4; lastKnownFileType = sourcecode.c.objc; path = RootViewController.m; sourceTree = "<group>"; };
		E0D9032914EC1C5D0072EECD /* RootViewController.xib */ = {isa = PBXFileReference; fileEncoding = 4; lastKnownFileType = file.xib; path = RootViewController.xib; sourceTree = "<group>"; };
/* End PBXFileReference section */

/* Begin PBXFrameworksBuildPhase section */
		E0D9030014EBF8760072EECD /* Frameworks */ = {
			isa = PBXFrameworksBuildPhase;
			buildActionMask = 2147483647;
			files = (
				E0D9030814EBF8760072EECD /* UIKit.framework in Frameworks */,
				E0D9030A14EBF8760072EECD /* Foundation.framework in Frameworks */,
				E0D9030C14EBF8760072EECD /* CoreGraphics.framework in Frameworks */,
			);
			runOnlyForDeploymentPostprocessing = 0;
		};
/* End PBXFrameworksBuildPhase section */

/* Begin PBXGroup section */
		E0D902F814EBF8760072EECD = {
			isa = PBXGroup;
			children = (
				E0D9030D14EBF8760072EECD /* HelloiPuP */,
				E0D9030614EBF8760072EECD /* Frameworks */,
				E0D9030414EBF8760072EECD /* Products */,
			);
			sourceTree = "<group>";
		};
		E0D9030414EBF8760072EECD /* Products */ = {
			isa = PBXGroup;
			children = (
				E0D9030314EBF8760072EECD /* HelloiPuP.app */,
			);
			name = Products;
			sourceTree = "<group>";
		};
		E0D9030614EBF8760072EECD /* Frameworks */ = {
			isa = PBXGroup;
			children = (
				E0D9030714EBF8760072EECD /* UIKit.framework */,
				E0D9030914EBF8760072EECD /* Foundation.framework */,
				E0D9030B14EBF8760072EECD /* CoreGraphics.framework */,
			);
			name = Frameworks;
			sourceTree = "<group>";
		};
		E0D9030D14EBF8760072EECD /* HelloiPuP */ = {
			isa = PBXGroup;
			children = (
				E0D9031614EBF8760072EECD /* AppDelegate.h */,
				E0D9031714EBF8760072EECD /* AppDelegate.m */,
				E0D9032714EC1C5D0072EECD /* RootViewController.h */,
				E0D9032814EC1C5D0072EECD /* RootViewController.m */,
				E0D9032914EC1C5D0072EECD /* RootViewController.xib */,
				E0D9030E14EBF8760072EECD /* Supporting Files */,
			);
			path = HelloiPuP;
			sourceTree = "<group>";
		};
		E0D9030E14EBF8760072EECD /* Supporting Files */ = {
			isa = PBXGroup;
			children = (
				E0D9030F14EBF8760072EECD /* HelloiPuP-Info.plist */,
				E0D9031014EBF8760072EECD /* InfoPlist.strings */,
				E0D9031314EBF8760072EECD /* main.m */,
				E0D9031514EBF8760072EECD /* HelloiPuP-Prefix.pch */,
			);
			name = "Supporting Files";
			sourceTree = "<group>";
		};
/* End PBXGroup section */

/* Begin PBXNativeTarget section */
		E0D9030214EBF8760072EECD /* HelloiPuP */ = {
			isa = PBXNativeTarget;
			buildConfigurationList = E0D9031B14EBF8760072EECD /* Build configuration list for PBXNativeTarget "HelloiPuP" */;
			buildPhases = (
				E0D902FF14EBF8760072EECD /* Sources */,
				E0D9030014EBF8760072EECD /* Frameworks */,
				E0D9030114EBF8760072EECD /* Resources */,
			);
			buildRules = (
			);
			dependencies = (
			);
			name = HelloiPuP;
			productName = HelloiPuP;
			productReference = E0D9030314EBF8760072EECD /* HelloiPuP.app */;
			productType = "com.apple.product-type.application";
		};
/* End PBXNativeTarget section */

/* Begin PBXProject section */
		E0D902FA14EBF8760072EECD /* Project object */ = {
			isa = PBXProject;
			attributes = {
				LastUpgradeCheck = 0420;
			};
			buildConfigurationList = E0D902FD14EBF8760072EECD /* Build configuration list for PBXProject "HelloiPuP" */;
			compatibilityVersion = "Xcode 3.2";
			developmentRegion = English;
			hasScannedForEncodings = 0;
			knownRegions = (
				en,
			);
			mainGroup = E0D902F814EBF8760072EECD;
			productRefGroup = E0D9030414EBF8760072EECD /* Products */;
			projectDirPath = "";
			projectRoot = "";
			targets = (
				E0D9030214EBF8760072EECD /* HelloiPuP */,
			);
		};
/* End PBXProject section */

/* Begin PBXResourcesBuildPhase section */
		E0D9030114EBF8760072EECD /* Resources */ = {
			isa = PBXResourcesBuildPhase;
			buildActionMask = 2147483647;
			files = (
				E0D9031214EBF8760072EECD /* InfoPlist.strings in Resources */,
				E0D9032B14EC1C5D0072EECD /* RootViewController.xib in Resources */,
			);
			runOnlyForDeploymentPostprocessing = 0;
		};
/* End PBXResourcesBuildPhase section */

/* Begin PBXSourcesBuildPhase section */
		E0D902FF14EBF8760072EECD /* Sources */ = {
			isa = PBXSourcesBuildPhase;
			buildActionMask = 2147483647;
			files = (
				E0D9031414EBF8760072EECD /* main.m in Sources */,
				E0D9031814EBF8760072EECD /* AppDelegate.m in Sources */,
				E0D9032A14EC1C5D0072EECD /* RootViewController.m in Sources */,
			);
			runOnlyForDeploymentPostprocessing = 0;
		};
/* End PBXSourcesBuildPhase section */

/* Begin PBXVariantGroup section */
		E0D9031014EBF8760072EECD /* InfoPlist.strings */ = {
			isa = PBXVariantGroup;
			children = (
				E0D9031114EBF8760072EECD /* en */,
			);
			name = InfoPlist.strings;
			sourceTree = "<group>";
		};
/* End PBXVariantGroup section */

/* Begin XCBuildConfiguration section */
		E0D9031914EBF8760072EECD /* Debug */ = {
			isa = XCBuildConfiguration;
			buildSettings = {
				ALWAYS_SEARCH_USER_PATHS = NO;
				ARCHS = "$(ARCHS_STANDARD_32_BIT)";
				CLANG_ENABLE_OBJC_ARC = YES;
				"CODE_SIGN_IDENTITY[sdk=iphoneos*]" = "iPhone Developer";
				COPY_PHASE_STRIP = NO;
				GCC_C_LANGUAGE_STANDARD = gnu99;
				GCC_DYNAMIC_NO_PIC = NO;
				GCC_OPTIMIZATION_LEVEL = 0;
				GCC_PREPROCESSOR_DEFINITIONS = (
					"DEBUG=1",
					"$(inherited)",
				);
				GCC_SYMBOLS_PRIVATE_EXTERN = NO;
				GCC_VERSION = com.apple.compilers.llvm.clang.1_0;
				GCC_WARN_ABOUT_MISSING_PROTOTYPES = YES;
				GCC_WARN_ABOUT_RETURN_TYPE = YES;
				GCC_WARN_UNUSED_VARIABLE = YES;
				IPHONEOS_DEPLOYMENT_TARGET = 5.0;
				SDKROOT = iphoneos;
			};
			name = Debug;
		};
		E0D9031A14EBF8760072EECD /* Release */ = {
			isa = XCBuildConfiguration;
			buildSettings = {
				ALWAYS_SEARCH_USER_PATHS = NO;
				ARCHS = "$(ARCHS_STANDARD_32_BIT)";
				CLANG_ENABLE_OBJC_ARC = YES;
				"CODE_SIGN_IDENTITY[sdk=iphoneos*]" = "iPhone Developer";
				COPY_PHASE_STRIP = YES;
				GCC_C_LANGUAGE_STANDARD = gnu99;
				GCC_VERSION = com.apple.compilers.llvm.clang.1_0;
				GCC_WARN_ABOUT_MISSING_PROTOTYPES = YES;
				GCC_WARN_ABOUT_RETURN_TYPE = YES;
				GCC_WARN_UNUSED_VARIABLE = YES;
				IPHONEOS_DEPLOYMENT_TARGET = 5.0;
				OTHER_CFLAGS = "-DNS_BLOCK_ASSERTIONS=1";
				SDKROOT = iphoneos;
				VALIDATE_PRODUCT = YES;
			};
			name = Release;
		};
		E0D9031C14EBF8760072EECD /* Debug */ = {
			isa = XCBuildConfiguration;
			buildSettings = {
				GCC_PRECOMPILE_PREFIX_HEADER = YES;
				GCC_PREFIX_HEADER = "HelloiPuP/HelloiPuP-Prefix.pch";
				INFOPLIST_FILE = "HelloiPuP/HelloiPuP-Info.plist";
				PRODUCT_NAME = "$(TARGET_NAME)";
				WRAPPER_EXTENSION = app;
			};
			name = Debug;
		};
		E0D9031D14EBF8760072EECD /* Release */ = {
			isa = XCBuildConfiguration;
			buildSettings = {
				GCC_PRECOMPILE_PREFIX_HEADER = YES;
				GCC_PREFIX_HEADER = "HelloiPuP/HelloiPuP-Prefix.pch";
				INFOPLIST_FILE = "HelloiPuP/HelloiPuP-Info.plist";
				PRODUCT_NAME = "$(TARGET_NAME)";
				WRAPPER_EXTENSION = app;
			};
			name = Release;
		};
/* End XCBuildConfiguration section */

/* Begin XCConfigurationList section */
		E0D902FD14EBF8760072EECD /* Build configuration list for PBXProject "HelloiPuP" */ = {
			isa = XCConfigurationList;
			buildConfigurations = (
				E0D9031914EBF8760072EECD /* Debug */,
				E0D9031A14EBF8760072EECD /* Release */,
			);
			defaultConfigurationIsVisible = 0;
			defaultConfigurationName = Release;
		};
		E0D9031B14EBF8760072EECD /* Build configuration list for PBXNativeTarget "HelloiPuP" */ = {
			isa = XCConfigurationList;
			buildConfigurations = (
				E0D9031C14EBF8760072EECD /* Debug */,
				E0D9031D14EBF8760072EECD /* Release */,
			);
			defaultConfigurationIsVisible = 0;
		};
/* End XCConfigurationList section */
	};
	rootObject = E0D902FA14EBF8760072EECD /* Project object */;
}
